[{<<"cowboy">>,
  {git,"https://github.com/ninenines/cowboy.git",
       {ref,"767da623f1f7329cb0b0d86c3c1876ccf098d60a"}},
  0},
 {<<"cowlib">>,
  {git,"https://github.com/ninenines/cowlib",
       {ref,"20f1ec02b0b1b4727b2c6e96a3b04e4785ff3228"}},
  1},
 {<<"jsx">>,
  {git,"https://github.com/talentdeficit/jsx.git",
       {ref,"d4b6d3dc5fd9e759ff7a0c476654ea5124f5bae9"}},
  0},
 {<<"ranch">>,
  {git,"https://github.com/ninenines/ranch",
       {ref,"40809cd2b257a8a53bcb5588ecaa88cc5381ff5c"}},
  1},
 {<<"uuid">>,
  {git,"https://github.com/avtobiff/erlang-uuid.git",
       {ref,"585c2474afb4a597ae8c8bf6d21e5a9c73f18e0b"}},
  0}].
